// !$*UTF8*$!
{
	archiveVersion = 1;
	classes = {
	};
	objectVersion = 50;
	objects = {

/* Begin PBXBuildFile section */
		A9A882DE2232FD9300046286 /* RxCustomer.swift in Sources */ = {isa = PBXBuildFile; fileRef = A9A882DD2232FD9300046286 /* RxCustomer.swift */; };
		A9F41876222E958700EEC15E /* AppDelegate.swift in Sources */ = {isa = PBXBuildFile; fileRef = A9F41875222E958700EEC15E /* AppDelegate.swift */; };
		A9F41878222E958700EEC15E /* ViewController.swift in Sources */ = {isa = PBXBuildFile; fileRef = A9F41877222E958700EEC15E /* ViewController.swift */; };
		A9F4187B222E958700EEC15E /* Main.storyboard in Resources */ = {isa = PBXBuildFile; fileRef = A9F41879222E958700EEC15E /* Main.storyboard */; };
		A9F4187D222E958800EEC15E /* Assets.xcassets in Resources */ = {isa = PBXBuildFile; fileRef = A9F4187C222E958800EEC15E /* Assets.xcassets */; };
		A9F41880222E958800EEC15E /* LaunchScreen.storyboard in Resources */ = {isa = PBXBuildFile; fileRef = A9F4187E222E958800EEC15E /* LaunchScreen.storyboard */; };
		A9F4188B222E958800EEC15E /* RxTaurantTests.swift in Sources */ = {isa = PBXBuildFile; fileRef = A9F4188A222E958800EEC15E /* RxTaurantTests.swift */; };
		A9F4189A222E96C500EEC15E /* SomeWaiter.swift in Sources */ = {isa = PBXBuildFile; fileRef = A9F41895222E96C400EEC15E /* SomeWaiter.swift */; };
		A9F4189B222E96C500EEC15E /* SomeCustomer.swift in Sources */ = {isa = PBXBuildFile; fileRef = A9F41896222E96C400EEC15E /* SomeCustomer.swift */; };
		A9F4189C222E96C500EEC15E /* MaitreDExtension.swift in Sources */ = {isa = PBXBuildFile; fileRef = A9F41897222E96C400EEC15E /* MaitreDExtension.swift */; };
		A9F4189D222E96C500EEC15E /* SomeRestaurantTable.swift in Sources */ = {isa = PBXBuildFile; fileRef = A9F41898222E96C500EEC15E /* SomeRestaurantTable.swift */; };
		A9F4189E222E96C500EEC15E /* SomeHeadChef.swift in Sources */ = {isa = PBXBuildFile; fileRef = A9F41899222E96C500EEC15E /* SomeHeadChef.swift */; };
		A9F418A1222E9B7400EEC15E /* RxWaiter.swift in Sources */ = {isa = PBXBuildFile; fileRef = A9F418A0222E9B7400EEC15E /* RxWaiter.swift */; };
		A9F418A4222EA95D00EEC15E /* Protocols.swift in Sources */ = {isa = PBXBuildFile; fileRef = A9F418A3222EA95D00EEC15E /* Protocols.swift */; };
		AA7BAF03B38BBEAD4F36E4F6 /* Pods_RxTaurant.framework in Frameworks */ = {isa = PBXBuildFile; fileRef = 16D852DE51887C41E72F7A80 /* Pods_RxTaurant.framework */; };
/* End PBXBuildFile section */

/* Begin PBXContainerItemProxy section */
		A9F41887222E958800EEC15E /* PBXContainerItemProxy */ = {
			isa = PBXContainerItemProxy;
			containerPortal = A9F4186A222E958700EEC15E /* Project object */;
			proxyType = 1;
			remoteGlobalIDString = A9F41871222E958700EEC15E;
			remoteInfo = RxTaurant;
		};
/* End PBXContainerItemProxy section */

/* Begin PBXFileReference section */
		16D852DE51887C41E72F7A80 /* Pods_RxTaurant.framework */ = {isa = PBXFileReference; explicitFileType = wrapper.framework; includeInIndex = 0; path = Pods_RxTaurant.framework; sourceTree = BUILT_PRODUCTS_DIR; };
		A9A882DD2232FD9300046286 /* RxCustomer.swift */ = {isa = PBXFileReference; lastKnownFileType = sourcecode.swift; path = RxCustomer.swift; sourceTree = "<group>"; };
		A9F41872222E958700EEC15E /* RxTaurant.app */ = {isa = PBXFileReference; explicitFileType = wrapper.application; includeInIndex = 0; path = RxTaurant.app; sourceTree = BUILT_PRODUCTS_DIR; };
		A9F41875222E958700EEC15E /* AppDelegate.swift */ = {isa = PBXFileReference; lastKnownFileType = sourcecode.swift; path = AppDelegate.swift; sourceTree = "<group>"; };
		A9F41877222E958700EEC15E /* ViewController.swift */ = {isa = PBXFileReference; lastKnownFileType = sourcecode.swift; path = ViewController.swift; sourceTree = "<group>"; };
		A9F4187A222E958700EEC15E /* Base */ = {isa = PBXFileReference; lastKnownFileType = file.storyboard; name = Base; path = Base.lproj/Main.storyboard; sourceTree = "<group>"; };
		A9F4187C222E958800EEC15E /* Assets.xcassets */ = {isa = PBXFileReference; lastKnownFileType = folder.assetcatalog; path = Assets.xcassets; sourceTree = "<group>"; };
		A9F4187F222E958800EEC15E /* Base */ = {isa = PBXFileReference; lastKnownFileType = file.storyboard; name = Base; path = Base.lproj/LaunchScreen.storyboard; sourceTree = "<group>"; };
		A9F41881222E958800EEC15E /* Info.plist */ = {isa = PBXFileReference; lastKnownFileType = text.plist.xml; path = Info.plist; sourceTree = "<group>"; };
		A9F41886222E958800EEC15E /* RxTaurantTests.xctest */ = {isa = PBXFileReference; explicitFileType = wrapper.cfbundle; includeInIndex = 0; path = RxTaurantTests.xctest; sourceTree = BUILT_PRODUCTS_DIR; };
		A9F4188A222E958800EEC15E /* RxTaurantTests.swift */ = {isa = PBXFileReference; lastKnownFileType = sourcecode.swift; path = RxTaurantTests.swift; sourceTree = "<group>"; };
		A9F4188C222E958800EEC15E /* Info.plist */ = {isa = PBXFileReference; lastKnownFileType = text.plist.xml; path = Info.plist; sourceTree = "<group>"; };
		A9F41895222E96C400EEC15E /* SomeWaiter.swift */ = {isa = PBXFileReference; fileEncoding = 4; lastKnownFileType = sourcecode.swift; path = SomeWaiter.swift; sourceTree = "<group>"; };
		A9F41896222E96C400EEC15E /* SomeCustomer.swift */ = {isa = PBXFileReference; fileEncoding = 4; lastKnownFileType = sourcecode.swift; path = SomeCustomer.swift; sourceTree = "<group>"; };
		A9F41897222E96C400EEC15E /* MaitreDExtension.swift */ = {isa = PBXFileReference; fileEncoding = 4; lastKnownFileType = sourcecode.swift; path = MaitreDExtension.swift; sourceTree = "<group>"; };
		A9F41898222E96C500EEC15E /* SomeRestaurantTable.swift */ = {isa = PBXFileReference; fileEncoding = 4; lastKnownFileType = sourcecode.swift; path = SomeRestaurantTable.swift; sourceTree = "<group>"; };
		A9F41899222E96C500EEC15E /* SomeHeadChef.swift */ = {isa = PBXFileReference; fileEncoding = 4; lastKnownFileType = sourcecode.swift; path = SomeHeadChef.swift; sourceTree = "<group>"; };
		A9F418A0222E9B7400EEC15E /* RxWaiter.swift */ = {isa = PBXFileReference; lastKnownFileType = sourcecode.swift; path = RxWaiter.swift; sourceTree = "<group>"; };
		A9F418A3222EA95D00EEC15E /* Protocols.swift */ = {isa = PBXFileReference; lastKnownFileType = sourcecode.swift; path = Protocols.swift; sourceTree = "<group>"; };
		C36EF5CA62F4BAC536743577 /* Pods-RxTaurant.debug.xcconfig */ = {isa = PBXFileReference; includeInIndex = 1; lastKnownFileType = text.xcconfig; name = "Pods-RxTaurant.debug.xcconfig"; path = "Target Support Files/Pods-RxTaurant/Pods-RxTaurant.debug.xcconfig"; sourceTree = "<group>"; };
		ECDC97CA7B0C5E4595254C68 /* Pods-RxTaurant.release.xcconfig */ = {isa = PBXFileReference; includeInIndex = 1; lastKnownFileType = text.xcconfig; name = "Pods-RxTaurant.release.xcconfig"; path = "Target Support Files/Pods-RxTaurant/Pods-RxTaurant.release.xcconfig"; sourceTree = "<group>"; };
/* End PBXFileReference section */

/* Begin PBXFrameworksBuildPhase section */
		A9F4186F222E958700EEC15E /* Frameworks */ = {
			isa = PBXFrameworksBuildPhase;
			buildActionMask = 2147483647;
			files = (
				AA7BAF03B38BBEAD4F36E4F6 /* Pods_RxTaurant.framework in Frameworks */,
			);
			runOnlyForDeploymentPostprocessing = 0;
		};
		A9F41883222E958800EEC15E /* Frameworks */ = {
			isa = PBXFrameworksBuildPhase;
			buildActionMask = 2147483647;
			files = (
			);
			runOnlyForDeploymentPostprocessing = 0;
		};
/* End PBXFrameworksBuildPhase section */

/* Begin PBXGroup section */
		95F3753C014A0B96087A36E4 /* Frameworks */ = {
			isa = PBXGroup;
			children = (
				16D852DE51887C41E72F7A80 /* Pods_RxTaurant.framework */,
			);
			name = Frameworks;
			sourceTree = "<group>";
		};
		A0EB94403189B15234932A60 /* Pods */ = {
			isa = PBXGroup;
			children = (
				C36EF5CA62F4BAC536743577 /* Pods-RxTaurant.debug.xcconfig */,
				ECDC97CA7B0C5E4595254C68 /* Pods-RxTaurant.release.xcconfig */,
			);
			path = Pods;
			sourceTree = "<group>";
		};
		A9F41869222E958700EEC15E = {
			isa = PBXGroup;
			children = (
				A9F41874222E958700EEC15E /* RxTaurant */,
				A9F41889222E958800EEC15E /* RxTaurantTests */,
				A9F41873222E958700EEC15E /* Products */,
				A0EB94403189B15234932A60 /* Pods */,
				95F3753C014A0B96087A36E4 /* Frameworks */,
			);
			sourceTree = "<group>";
		};
		A9F41873222E958700EEC15E /* Products */ = {
			isa = PBXGroup;
			children = (
				A9F41872222E958700EEC15E /* RxTaurant.app */,
				A9F41886222E958800EEC15E /* RxTaurantTests.xctest */,
			);
			name = Products;
			sourceTree = "<group>";
		};
		A9F41874222E958700EEC15E /* RxTaurant */ = {
			isa = PBXGroup;
			children = (
				A9F418A2222EA94E00EEC15E /* Utils */,
				A9F4189F222E971F00EEC15E /* Staff */,
				A9F41897222E96C400EEC15E /* MaitreDExtension.swift */,
				A9F41896222E96C400EEC15E /* SomeCustomer.swift */,
				A9F41899222E96C500EEC15E /* SomeHeadChef.swift */,
				A9F41898222E96C500EEC15E /* SomeRestaurantTable.swift */,
				A9F41895222E96C400EEC15E /* SomeWaiter.swift */,
				A9F41875222E958700EEC15E /* AppDelegate.swift */,
				A9F41877222E958700EEC15E /* ViewController.swift */,
				A9F41879222E958700EEC15E /* Main.storyboard */,
				A9F4187C222E958800EEC15E /* Assets.xcassets */,
				A9F4187E222E958800EEC15E /* LaunchScreen.storyboard */,
				A9F41881222E958800EEC15E /* Info.plist */,
			);
			path = RxTaurant;
			sourceTree = "<group>";
		};
		A9F41889222E958800EEC15E /* RxTaurantTests */ = {
			isa = PBXGroup;
			children = (
				A9F4188A222E958800EEC15E /* RxTaurantTests.swift */,
				A9F4188C222E958800EEC15E /* Info.plist */,
			);
			path = RxTaurantTests;
			sourceTree = "<group>";
		};
		A9F4189F222E971F00EEC15E /* Staff */ = {
			isa = PBXGroup;
			children = (
				A9F418A0222E9B7400EEC15E /* RxWaiter.swift */,
				A9A882DD2232FD9300046286 /* RxCustomer.swift */,
			);
			path = Staff;
			sourceTree = "<group>";
		};
		A9F418A2222EA94E00EEC15E /* Utils */ = {
			isa = PBXGroup;
			children = (
				A9F418A3222EA95D00EEC15E /* Protocols.swift */,
			);
			path = Utils;
			sourceTree = "<group>";
		};
/* End PBXGroup section */

/* Begin PBXNativeTarget section */
		A9F41871222E958700EEC15E /* RxTaurant */ = {
			isa = PBXNativeTarget;
			buildConfigurationList = A9F4188F222E958800EEC15E /* Build configuration list for PBXNativeTarget "RxTaurant" */;
			buildPhases = (
				1D9ED3DEA2A9F43F9D95862C /* [CP] Check Pods Manifest.lock */,
				A9F4186E222E958700EEC15E /* Sources */,
				A9F4186F222E958700EEC15E /* Frameworks */,
				A9F41870222E958700EEC15E /* Resources */,
				694B38EB60DA2BD4BCBBAF7A /* [CP] Embed Pods Frameworks */,
			);
			buildRules = (
			);
			dependencies = (
			);
			name = RxTaurant;
			productName = RxTaurant;
			productReference = A9F41872222E958700EEC15E /* RxTaurant.app */;
			productType = "com.apple.product-type.application";
		};
		A9F41885222E958800EEC15E /* RxTaurantTests */ = {
			isa = PBXNativeTarget;
			buildConfigurationList = A9F41892222E958800EEC15E /* Build configuration list for PBXNativeTarget "RxTaurantTests" */;
			buildPhases = (
				A9F41882222E958800EEC15E /* Sources */,
				A9F41883222E958800EEC15E /* Frameworks */,
				A9F41884222E958800EEC15E /* Resources */,
			);
			buildRules = (
			);
			dependencies = (
				A9F41888222E958800EEC15E /* PBXTargetDependency */,
			);
			name = RxTaurantTests;
			productName = RxTaurantTests;
			productReference = A9F41886222E958800EEC15E /* RxTaurantTests.xctest */;
			productType = "com.apple.product-type.bundle.unit-test";
		};
/* End PBXNativeTarget section */

/* Begin PBXProject section */
		A9F4186A222E958700EEC15E /* Project object */ = {
			isa = PBXProject;
			attributes = {
				LastSwiftUpdateCheck = 1010;
				LastUpgradeCheck = 1010;
				ORGANIZATIONNAME = "Rich Text Format Ltd.";
				TargetAttributes = {
					A9F41871222E958700EEC15E = {
						CreatedOnToolsVersion = 10.1;
					};
					A9F41885222E958800EEC15E = {
						CreatedOnToolsVersion = 10.1;
						TestTargetID = A9F41871222E958700EEC15E;
					};
				};
			};
			buildConfigurationList = A9F4186D222E958700EEC15E /* Build configuration list for PBXProject "RxTaurant" */;
			compatibilityVersion = "Xcode 9.3";
			developmentRegion = en;
			hasScannedForEncodings = 0;
			knownRegions = (
				en,
				Base,
			);
			mainGroup = A9F41869222E958700EEC15E;
			productRefGroup = A9F41873222E958700EEC15E /* Products */;
			projectDirPath = "";
			projectRoot = "";
			targets = (
				A9F41871222E958700EEC15E /* RxTaurant */,
				A9F41885222E958800EEC15E /* RxTaurantTests */,
			);
		};
/* End PBXProject section */

/* Begin PBXResourcesBuildPhase section */
		A9F41870222E958700EEC15E /* Resources */ = {
			isa = PBXResourcesBuildPhase;
			buildActionMask = 2147483647;
			files = (
				A9F41880222E958800EEC15E /* LaunchScreen.storyboard in Resources */,
				A9F4187D222E958800EEC15E /* Assets.xcassets in Resources */,
				A9F4187B222E958700EEC15E /* Main.storyboard in Resources */,
			);
			runOnlyForDeploymentPostprocessing = 0;
		};
		A9F41884222E958800EEC15E /* Resources */ = {
			isa = PBXResourcesBuildPhase;
			buildActionMask = 2147483647;
			files = (
			);
			runOnlyForDeploymentPostprocessing = 0;
		};
/* End PBXResourcesBuildPhase section */

/* Begin PBXShellScriptBuildPhase section */
		1D9ED3DEA2A9F43F9D95862C /* [CP] Check Pods Manifest.lock */ = {
			isa = PBXShellScriptBuildPhase;
			buildActionMask = 2147483647;
			files = (
			);
			inputFileListPaths = (
			);
			inputPaths = (
				"${PODS_PODFILE_DIR_PATH}/Podfile.lock",
				"${PODS_ROOT}/Manifest.lock",
			);
			name = "[CP] Check Pods Manifest.lock";
			outputFileListPaths = (
			);
			outputPaths = (
				"$(DERIVED_FILE_DIR)/Pods-RxTaurant-checkManifestLockResult.txt",
			);
			runOnlyForDeploymentPostprocessing = 0;
			shellPath = /bin/sh;
			shellScript = "diff \"${PODS_PODFILE_DIR_PATH}/Podfile.lock\" \"${PODS_ROOT}/Manifest.lock\" > /dev/null\nif [ $? != 0 ] ; then\n    # print error to STDERR\n    echo \"error: The sandbox is not in sync with the Podfile.lock. Run 'pod install' or update your CocoaPods installation.\" >&2\n    exit 1\nfi\n# This output is used by Xcode 'outputs' to avoid re-running this script phase.\necho \"SUCCESS\" > \"${SCRIPT_OUTPUT_FILE_0}\"\n";
			showEnvVarsInLog = 0;
		};
		694B38EB60DA2BD4BCBBAF7A /* [CP] Embed Pods Frameworks */ = {
			isa = PBXShellScriptBuildPhase;
			buildActionMask = 2147483647;
			files = (
			);
			inputFileListPaths = (
			);
			inputPaths = (
				"${PODS_ROOT}/Target Support Files/Pods-RxTaurant/Pods-RxTaurant-frameworks.sh",
				"${BUILT_PRODUCTS_DIR}/Dertisch/Dertisch.framework",
			);
			name = "[CP] Embed Pods Frameworks";
			outputFileListPaths = (
			);
			outputPaths = (
				"${TARGET_BUILD_DIR}/${FRAMEWORKS_FOLDER_PATH}/Dertisch.framework",
			);
			runOnlyForDeploymentPostprocessing = 0;
			shellPath = /bin/sh;
			shellScript = "\"${PODS_ROOT}/Target Support Files/Pods-RxTaurant/Pods-RxTaurant-frameworks.sh\"\n";
			showEnvVarsInLog = 0;
		};
/* End PBXShellScriptBuildPhase section */

/* Begin PBXSourcesBuildPhase section */
		A9F4186E222E958700EEC15E /* Sources */ = {
			isa = PBXSourcesBuildPhase;
			buildActionMask = 2147483647;
			files = (
				A9F41878222E958700EEC15E /* ViewController.swift in Sources */,
				A9F4189A222E96C500EEC15E /* SomeWaiter.swift in Sources */,
				A9F4189C222E96C500EEC15E /* MaitreDExtension.swift in Sources */,
				A9A882DE2232FD9300046286 /* RxCustomer.swift in Sources */,
				A9F418A4222EA95D00EEC15E /* Protocols.swift in Sources */,
				A9F4189E222E96C500EEC15E /* SomeHeadChef.swift in Sources */,
				A9F4189D222E96C500EEC15E /* SomeRestaurantTable.swift in Sources */,
				A9F41876222E958700EEC15E /* AppDelegate.swift in Sources */,
				A9F4189B222E96C500EEC15E /* SomeCustomer.swift in Sources */,
				A9F418A1222E9B7400EEC15E /* RxWaiter.swift in Sources */,
			);
			runOnlyForDeploymentPostprocessing = 0;
		};
		A9F41882222E958800EEC15E /* Sources */ = {
			isa = PBXSourcesBuildPhase;
			buildActionMask = 2147483647;
			files = (
				A9F4188B222E958800EEC15E /* RxTaurantTests.swift in Sources */,
			);
			runOnlyForDeploymentPostprocessing = 0;
		};
/* End PBXSourcesBuildPhase section */

/* Begin PBXTargetDependency section */
		A9F41888222E958800EEC15E /* PBXTargetDependency */ = {
			isa = PBXTargetDependency;
			target = A9F41871222E958700EEC15E /* RxTaurant */;
			targetProxy = A9F41887222E958800EEC15E /* PBXContainerItemProxy */;
		};
/* End PBXTargetDependency section */

/* Begin PBXVariantGroup section */
		A9F41879222E958700EEC15E /* Main.storyboard */ = {
			isa = PBXVariantGroup;
			children = (
				A9F4187A222E958700EEC15E /* Base */,
			);
			name = Main.storyboard;
			sourceTree = "<group>";
		};
		A9F4187E222E958800EEC15E /* LaunchScreen.storyboard */ = {
			isa = PBXVariantGroup;
			children = (
				A9F4187F222E958800EEC15E /* Base */,
			);
			name = LaunchScreen.storyboard;
			sourceTree = "<group>";
		};
/* End PBXVariantGroup section */

/* Begin XCBuildConfiguration section */
		A9F4188D222E958800EEC15E /* Debug */ = {
			isa = XCBuildConfiguration;
			buildSettings = {
				ALWAYS_SEARCH_USER_PATHS = NO;
				CLANG_ANALYZER_NONNULL = YES;
				CLANG_ANALYZER_NUMBER_OBJECT_CONVERSION = YES_AGGRESSIVE;
				CLANG_CXX_LANGUAGE_STANDARD = "gnu++14";
				CLANG_CXX_LIBRARY = "libc++";
				CLANG_ENABLE_MODULES = YES;
				CLANG_ENABLE_OBJC_ARC = YES;
				CLANG_ENABLE_OBJC_WEAK = YES;
				CLANG_WARN_BLOCK_CAPTURE_AUTORELEASING = YES;
				CLANG_WARN_BOOL_CONVERSION = YES;
				CLANG_WARN_COMMA = YES;
				CLANG_WARN_CONSTANT_CONVERSION = YES;
				CLANG_WARN_DEPRECATED_OBJC_IMPLEMENTATIONS = YES;
				CLANG_WARN_DIRECT_OBJC_ISA_USAGE = YES_ERROR;
				CLANG_WARN_DOCUMENTATION_COMMENTS = YES;
				CLANG_WARN_EMPTY_BODY = YES;
				CLANG_WARN_ENUM_CONVERSION = YES;
				CLANG_WARN_INFINITE_RECURSION = YES;
				CLANG_WARN_INT_CONVERSION = YES;
				CLANG_WARN_NON_LITERAL_NULL_CONVERSION = YES;
				CLANG_WARN_OBJC_IMPLICIT_RETAIN_SELF = YES;
				CLANG_WARN_OBJC_LITERAL_CONVERSION = YES;
				CLANG_WARN_OBJC_ROOT_CLASS = YES_ERROR;
				CLANG_WARN_RANGE_LOOP_ANALYSIS = YES;
				CLANG_WARN_STRICT_PROTOTYPES = YES;
				CLANG_WARN_SUSPICIOUS_MOVE = YES;
				CLANG_WARN_UNGUARDED_AVAILABILITY = YES_AGGRESSIVE;
				CLANG_WARN_UNREACHABLE_CODE = YES;
				CLANG_WARN__DUPLICATE_METHOD_MATCH = YES;
				CODE_SIGN_IDENTITY = "iPhone Developer";
				COPY_PHASE_STRIP = NO;
				DEBUG_INFORMATION_FORMAT = dwarf;
				ENABLE_STRICT_OBJC_MSGSEND = YES;
				ENABLE_TESTABILITY = YES;
				GCC_C_LANGUAGE_STANDARD = gnu11;
				GCC_DYNAMIC_NO_PIC = NO;
				GCC_NO_COMMON_BLOCKS = YES;
				GCC_OPTIMIZATION_LEVEL = 0;
				GCC_PREPROCESSOR_DEFINITIONS = (
					"DEBUG=1",
					"$(inherited)",
				);
				GCC_WARN_64_TO_32_BIT_CONVERSION = YES;
				GCC_WARN_ABOUT_RETURN_TYPE = YES_ERROR;
				GCC_WARN_UNDECLARED_SELECTOR = YES;
				GCC_WARN_UNINITIALIZED_AUTOS = YES_AGGRESSIVE;
				GCC_WARN_UNUSED_FUNCTION = YES;
				GCC_WARN_UNUSED_VARIABLE = YES;
				IPHONEOS_DEPLOYMENT_TARGET = 12.1;
				MTL_ENABLE_DEBUG_INFO = INCLUDE_SOURCE;
				MTL_FAST_MATH = YES;
				ONLY_ACTIVE_ARCH = YES;
				SDKROOT = iphoneos;
				SWIFT_ACTIVE_COMPILATION_CONDITIONS = DEBUG;
				SWIFT_OPTIMIZATION_LEVEL = "-Onone";
			};
			name = Debug;
		};
		A9F4188E222E958800EEC15E /* Release */ = {
			isa = XCBuildConfiguration;
			buildSettings = {
				ALWAYS_SEARCH_USER_PATHS = NO;
				CLANG_ANALYZER_NONNULL = YES;
				CLANG_ANALYZER_NUMBER_OBJECT_CONVERSION = YES_AGGRESSIVE;
				CLANG_CXX_LANGUAGE_STANDARD = "gnu++14";
				CLANG_CXX_LIBRARY = "libc++";
				CLANG_ENABLE_MODULES = YES;
				CLANG_ENABLE_OBJC_ARC = YES;
				CLANG_ENABLE_OBJC_WEAK = YES;
				CLANG_WARN_BLOCK_CAPTURE_AUTORELEASING = YES;
				CLANG_WARN_BOOL_CONVERSION = YES;
				CLANG_WARN_COMMA = YES;
				CLANG_WARN_CONSTANT_CONVERSION = YES;
				CLANG_WARN_DEPRECATED_OBJC_IMPLEMENTATIONS = YES;
				CLANG_WARN_DIRECT_OBJC_ISA_USAGE = YES_ERROR;
				CLANG_WARN_DOCUMENTATION_COMMENTS = YES;
				CLANG_WARN_EMPTY_BODY = YES;
				CLANG_WARN_ENUM_CONVERSION = YES;
				CLANG_WARN_INFINITE_RECURSION = YES;
				CLANG_WARN_INT_CONVERSION = YES;
				CLANG_WARN_NON_LITERAL_NULL_CONVERSION = YES;
				CLANG_WARN_OBJC_IMPLICIT_RETAIN_SELF = YES;
				CLANG_WARN_OBJC_LITERAL_CONVERSION = YES;
				CLANG_WARN_OBJC_ROOT_CLASS = YES_ERROR;
				CLANG_WARN_RANGE_LOOP_ANALYSIS = YES;
				CLANG_WARN_STRICT_PROTOTYPES = YES;
				CLANG_WARN_SUSPICIOUS_MOVE = YES;
				CLANG_WARN_UNGUARDED_AVAILABILITY = YES_AGGRESSIVE;
				CLANG_WARN_UNREACHABLE_CODE = YES;
				CLANG_WARN__DUPLICATE_METHOD_MATCH = YES;
				CODE_SIGN_IDENTITY = "iPhone Developer";
				COPY_PHASE_STRIP = NO;
				DEBUG_INFORMATION_FORMAT = "dwarf-with-dsym";
				ENABLE_NS_ASSERTIONS = NO;
				ENABLE_STRICT_OBJC_MSGSEND = YES;
				GCC_C_LANGUAGE_STANDARD = gnu11;
				GCC_NO_COMMON_BLOCKS = YES;
				GCC_WARN_64_TO_32_BIT_CONVERSION = YES;
				GCC_WARN_ABOUT_RETURN_TYPE = YES_ERROR;
				GCC_WARN_UNDECLARED_SELECTOR = YES;
				GCC_WARN_UNINITIALIZED_AUTOS = YES_AGGRESSIVE;
				GCC_WARN_UNUSED_FUNCTION = YES;
				GCC_WARN_UNUSED_VARIABLE = YES;
				IPHONEOS_DEPLOYMENT_TARGET = 12.1;
				MTL_ENABLE_DEBUG_INFO = NO;
				MTL_FAST_MATH = YES;
				SDKROOT = iphoneos;
				SWIFT_COMPILATION_MODE = wholemodule;
				SWIFT_OPTIMIZATION_LEVEL = "-O";
				VALIDATE_PRODUCT = YES;
			};
			name = Release;
		};
		A9F41890222E958800EEC15E /* Debug */ = {
			isa = XCBuildConfiguration;
			baseConfigurationReference = C36EF5CA62F4BAC536743577 /* Pods-RxTaurant.debug.xcconfig */;
			buildSettings = {
				ASSETCATALOG_COMPILER_APPICON_NAME = AppIcon;
				CODE_SIGN_STYLE = Automatic;
				DEVELOPMENT_TEAM = DM7DWP6VN6;
				INFOPLIST_FILE = RxTaurant/Info.plist;
				LD_RUNPATH_SEARCH_PATHS = (
					"$(inherited)",
					"@executable_path/Frameworks",
				);
				PRODUCT_BUNDLE_IDENTIFIER = uk.co.josephbeuysmum.RxTaurant;
				PRODUCT_NAME = "$(TARGET_NAME)";
				SWIFT_VERSION = 4.2;
				TARGETED_DEVICE_FAMILY = "1,2";
			};
			name = Debug;
		};
		A9F41891222E958800EEC15E /* Release */ = {
			isa = XCBuildConfiguration;
			baseConfigurationReference = ECDC97CA7B0C5E4595254C68 /* Pods-RxTaurant.release.xcconfig */;
			buildSettings = {
				ASSETCATALOG_COMPILER_APPICON_NAME = AppIcon;
				CODE_SIGN_STYLE = Automatic;
				DEVELOPMENT_TEAM = DM7DWP6VN6;
				INFOPLIST_FILE = RxTaurant/Info.plist;
				LD_RUNPATH_SEARCH_PATHS = (
					"$(inherited)",
					"@executable_path/Frameworks",
				);
				PRODUCT_BUNDLE_IDENTIFIER = uk.co.josephbeuysmum.RxTaurant;
				PRODUCT_NAME = "$(TARGET_NAME)";
				SWIFT_VERSION = 4.2;
				TARGETED_DEVICE_FAMILY = "1,2";
			};
			name = Release;
		};
		A9F41893222E958800EEC15E /* Debug */ = {
			isa = XCBuildConfiguration;
			buildSettings = {
				ALWAYS_EMBED_SWIFT_STANDARD_LIBRARIES = YES;
				BUNDLE_LOADER = "$(TEST_HOST)";
				CODE_SIGN_STYLE = Automatic;
				DEVELOPMENT_TEAM = DM7DWP6VN6;
				INFOPLIST_FILE = RxTaurantTests/Info.plist;
				LD_RUNPATH_SEARCH_PATHS = (
					"$(inherited)",
					"@executable_path/Frameworks",
					"@loader_path/Frameworks",
				);
				PRODUCT_BUNDLE_IDENTIFIER = uk.co.josephbeuysmum.RxTaurantTests;
				PRODUCT_NAME = "$(TARGET_NAME)";
				SWIFT_VERSION = 4.2;
				TARGETED_DEVICE_FAMILY = "1,2";
				TEST_HOST = "$(BUILT_PRODUCTS_DIR)/RxTaurant.app/RxTaurant";
			};
			name = Debug;
		};
		A9F41894222E958800EEC15E /* Release */ = {
			isa = XCBuildConfiguration;
			buildSettings = {
				ALWAYS_EMBED_SWIFT_STANDARD_LIBRARIES = YES;
				BUNDLE_LOADER = "$(TEST_HOST)";
				CODE_SIGN_STYLE = Automatic;
				DEVELOPMENT_TEAM = DM7DWP6VN6;
				INFOPLIST_FILE = RxTaurantTests/Info.plist;
				LD_RUNPATH_SEARCH_PATHS = (
					"$(inherited)",
					"@executable_path/Frameworks",
					"@loader_path/Frameworks",
				);
				PRODUCT_BUNDLE_IDENTIFIER = uk.co.josephbeuysmum.RxTaurantTests;
				PRODUCT_NAME = "$(TARGET_NAME)";
				SWIFT_VERSION = 4.2;
				TARGETED_DEVICE_FAMILY = "1,2";
				TEST_HOST = "$(BUILT_PRODUCTS_DIR)/RxTaurant.app/RxTaurant";
			};
			name = Release;
		};
/* End XCBuildConfiguration section */

/* Begin XCConfigurationList section */
		A9F4186D222E958700EEC15E /* Build configuration list for PBXProject "RxTaurant" */ = {
			isa = XCConfigurationList;
			buildConfigurations = (
				A9F4188D222E958800EEC15E /* Debug */,
				A9F4188E222E958800EEC15E /* Release */,
			);
			defaultConfigurationIsVisible = 0;
			defaultConfigurationName = Release;
		};
		A9F4188F222E958800EEC15E /* Build configuration list for PBXNativeTarget "RxTaurant" */ = {
			isa = XCConfigurationList;
			buildConfigurations = (
				A9F41890222E958800EEC15E /* Debug */,
				A9F41891222E958800EEC15E /* Release */,
			);
			defaultConfigurationIsVisible = 0;
			defaultConfigurationName = Release;
		};
		A9F41892222E958800EEC15E /* Build configuration list for PBXNativeTarget "RxTaurantTests" */ = {
			isa = XCConfigurationList;
			buildConfigurations = (
				A9F41893222E958800EEC15E /* Debug */,
				A9F41894222E958800EEC15E /* Release */,
			);
			defaultConfigurationIsVisible = 0;
			defaultConfigurationName = Release;
		};
/* End XCConfigurationList section */
	};
	rootObject = A9F4186A222E958700EEC15E /* Project object */;
}
